
Microsoft Visual Studio Solution File, Format Version 12.00
# Visual Studio Version 17
VisualStudioVersion = 17.8.34330.188
MinimumVisualStudioVersion = 10.0.40219.1
Project("{9A19103F-16F7-4668-BE54-9A1E7A4F7556}") = "WeatherForecastService", "WeatherForecastService\WeatherForecastService.csproj", "{51D37879-CBE2-49F8-ADDF-D220BCB74807}"
EndProject
Project("{2150E333-8FDC-42A3-9474-1A3956D46DE8}") = "SimulatedClients", "SimulatedClients", "{CA5A4777-7C9D-4DEA-8CF1-D0983E3150FC}"
	ProjectSection(SolutionItems) = preProject
		SimulatedClients\Dockerfile = SimulatedClients\Dockerfile
		SimulatedClients\run.sh = SimulatedClients\run.sh
		SimulatedClients\simulate_load.js = SimulatedClients\simulate_load.js
	EndProjectSection
EndProject
Project("{2150E333-8FDC-42A3-9474-1A3956D46DE8}") = "Solution Items", "Solution Items", "{28544E49-D1DF-4DFC-9027-FC74601EB59B}"
	ProjectSection(SolutionItems) = preProject
		cfn.yaml = cfn.yaml
		delete-everything.sh = delete-everything.sh
		deploy.sh = deploy.sh
		image-repo.yaml = image-repo.yaml
	EndProjectSection
EndProject
Global
	GlobalSection(SolutionConfigurationPlatforms) = preSolution
		Debug|Any CPU = Debug|Any CPU
		Release|Any CPU = Release|Any CPU
	EndGlobalSection
	GlobalSection(ProjectConfigurationPlatforms) = postSolution
		{51D37879-CBE2-49F8-ADDF-D220BCB74807}.Debug|Any CPU.ActiveCfg = Debug|Any CPU
		{51D37879-CBE2-49F8-ADDF-D220BCB74807}.Debug|Any CPU.Build.0 = Debug|Any CPU
		{51D37879-CBE2-49F8-ADDF-D220BCB74807}.Release|Any CPU.ActiveCfg = Release|Any CPU
		{51D37879-CBE2-49F8-ADDF-D220BCB74807}.Release|Any CPU.Build.0 = Release|Any CPU
	EndGlobalSection
	GlobalSection(SolutionProperties) = preSolution
		HideSolutionNode = FALSE
	EndGlobalSection
	GlobalSection(ExtensibilityGlobals) = postSolution
		SolutionGuid = {6BE0591C-3AF5-4FE8-99F2-B98B4A462C46}
	EndGlobalSection
EndGlobal
